
Microsoft Visual Studio Solution File, Format Version 12.00
# Visual Studio Version 16
VisualStudioVersion = 16.0.29920.165
MinimumVisualStudioVersion = 10.0.40219.1
Project("{FAE04EC0-301F-11D3-BF4B-00C04F79EFBC}") = "EntityFrameworkCodeFirst", "EntityFrameworkCodeFirst.csproj", "{02388AA1-B28C-467F-808E-F834566FF404}"
EndProject
Global
	GlobalSection(SolutionConfigurationPlatforms) = preSolution
		Debug|Any CPU = Debug|Any CPU
		Release|Any CPU = Release|Any CPU
	EndGlobalSection
	GlobalSection(ProjectConfigurationPlatforms) = postSolution
		{02388AA1-B28C-467F-808E-F834566FF404}.Debug|Any CPU.ActiveCfg = Debug|Any CPU
		{02388AA1-B28C-467F-808E-F834566FF404}.Debug|Any CPU.Build.0 = Debug|Any CPU
		{02388AA1-B28C-467F-808E-F834566FF404}.Release|Any CPU.ActiveCfg = Release|Any CPU
		{02388AA1-B28C-467F-808E-F834566FF404}.Release|Any CPU.Build.0 = Release|Any CPU
	EndGlobalSection
	GlobalSection(SolutionProperties) = preSolution
		HideSolutionNode = FALSE
	EndGlobalSection
	GlobalSection(ExtensibilityGlobals) = postSolution
		SolutionGuid = {62A988EA-32D3-4D6E-9B4D-21CFBD52DC8F}
	EndGlobalSection
EndGlobal
